
Microsoft Visual Studio Solution File, Format Version 12.00
# Visual Studio 15
VisualStudioVersion = 15.0.28307.271
MinimumVisualStudioVersion = 10.0.40219.1
Project("{8BC9CEB8-8B4A-11D0-8D11-00A0C91BC942}") = "Urok4_modul5", "Urok4_modul5\Urok4_modul5.vcxproj", "{121CB4AD-F966-4097-8FB1-901B715A357C}"
EndProject
Global
	GlobalSection(SolutionConfigurationPlatforms) = preSolution
		Debug|x64 = Debug|x64
		Debug|x86 = Debug|x86
		Release|x64 = Release|x64
		Release|x86 = Release|x86
	EndGlobalSection
	GlobalSection(ProjectConfigurationPlatforms) = postSolution
		{121CB4AD-F966-4097-8FB1-901B715A357C}.Debug|x64.ActiveCfg = Debug|x64
		{121CB4AD-F966-4097-8FB1-901B715A357C}.Debug|x64.Build.0 = Debug|x64
		{121CB4AD-F966-4097-8FB1-901B715A357C}.Debug|x86.ActiveCfg = Debug|Win32
		{121CB4AD-F966-4097-8FB1-901B715A357C}.Debug|x86.Build.0 = Debug|Win32
		{121CB4AD-F966-4097-8FB1-901B715A357C}.Release|x64.ActiveCfg = Release|x64
		{121CB4AD-F966-4097-8FB1-901B715A357C}.Release|x64.Build.0 = Release|x64
		{121CB4AD-F966-4097-8FB1-901B715A357C}.Release|x86.ActiveCfg = Release|Win32
		{121CB4AD-F966-4097-8FB1-901B715A357C}.Release|x86.Build.0 = Release|Win32
	EndGlobalSection
	GlobalSection(SolutionProperties) = preSolution
		HideSolutionNode = FALSE
	EndGlobalSection
	GlobalSection(ExtensibilityGlobals) = postSolution
		SolutionGuid = {0FB2A93C-A104-4BE6-BAF2-70892413A4B8}
	EndGlobalSection
EndGlobal
